
Microsoft Visual Studio Solution File, Format Version 12.00
# Visual Studio 15
Project("{FAE04EC0-301F-11D3-BF4B-00C04F79EFBC}") = "MyAirport.EF", "MyAirport.EF\MyAirport.EF.csproj", "{8BDC34C9-CE61-4AD5-ABDF-3E3B4C8E3BDC}"
EndProject
Project("{FAE04EC0-301F-11D3-BF4B-00C04F79EFBC}") = "MyAirportGraphQl2", "MyAirportGraphQl2\MyAirportGraphQl2.csproj", "{A01B3BA0-C84D-46EA-90D1-7CE2361CC47E}"
EndProject
Project("{FAE04EC0-301F-11D3-BF4B-00C04F79EFBC}") = "MyAirportWebAPI", "MyAirportWebAPI\MyAirportWebAPI.csproj", "{A8448097-0113-47BF-95DF-E9B3B8E22265}"
EndProject
Project("{FAE04EC0-301F-11D3-BF4B-00C04F79EFBC}") = "MyAirport.Console", "MyAirport\MyAirport.Console.csproj", "{298740F1-C424-4228-AD54-1FBC92D37A2B}"
EndProject
Project("{FAE04EC0-301F-11D3-BF4B-00C04F79EFBC}") = "MyAirportRazor", "MyAirportRazor\MyAirportRazor.csproj", "{CFBA2CE6-9162-4855-9D98-3002A486BEE2}"
EndProject
Project("{FAE04EC0-301F-11D3-BF4B-00C04F79EFBC}") = "preparationDS", "preparationDS\preparationDS.csproj", "{7DA03088-4034-4C63-93D9-AAB6D957F50E}"
EndProject
Global
	GlobalSection(SolutionConfigurationPlatforms) = preSolution
		Debug|Any CPU = Debug|Any CPU
		Release|Any CPU = Release|Any CPU
	EndGlobalSection
	GlobalSection(ProjectConfigurationPlatforms) = postSolution
		{8BDC34C9-CE61-4AD5-ABDF-3E3B4C8E3BDC}.Debug|Any CPU.ActiveCfg = Debug|Any CPU
		{8BDC34C9-CE61-4AD5-ABDF-3E3B4C8E3BDC}.Debug|Any CPU.Build.0 = Debug|Any CPU
		{8BDC34C9-CE61-4AD5-ABDF-3E3B4C8E3BDC}.Release|Any CPU.ActiveCfg = Release|Any CPU
		{8BDC34C9-CE61-4AD5-ABDF-3E3B4C8E3BDC}.Release|Any CPU.Build.0 = Release|Any CPU
		{A01B3BA0-C84D-46EA-90D1-7CE2361CC47E}.Debug|Any CPU.ActiveCfg = Debug|Any CPU
		{A01B3BA0-C84D-46EA-90D1-7CE2361CC47E}.Debug|Any CPU.Build.0 = Debug|Any CPU
		{A01B3BA0-C84D-46EA-90D1-7CE2361CC47E}.Release|Any CPU.ActiveCfg = Release|Any CPU
		{A01B3BA0-C84D-46EA-90D1-7CE2361CC47E}.Release|Any CPU.Build.0 = Release|Any CPU
		{A8448097-0113-47BF-95DF-E9B3B8E22265}.Debug|Any CPU.ActiveCfg = Debug|Any CPU
		{A8448097-0113-47BF-95DF-E9B3B8E22265}.Debug|Any CPU.Build.0 = Debug|Any CPU
		{A8448097-0113-47BF-95DF-E9B3B8E22265}.Release|Any CPU.ActiveCfg = Release|Any CPU
		{A8448097-0113-47BF-95DF-E9B3B8E22265}.Release|Any CPU.Build.0 = Release|Any CPU
		{298740F1-C424-4228-AD54-1FBC92D37A2B}.Debug|Any CPU.ActiveCfg = Debug|Any CPU
		{298740F1-C424-4228-AD54-1FBC92D37A2B}.Debug|Any CPU.Build.0 = Debug|Any CPU
		{298740F1-C424-4228-AD54-1FBC92D37A2B}.Release|Any CPU.ActiveCfg = Release|Any CPU
		{298740F1-C424-4228-AD54-1FBC92D37A2B}.Release|Any CPU.Build.0 = Release|Any CPU
		{CFBA2CE6-9162-4855-9D98-3002A486BEE2}.Debug|Any CPU.ActiveCfg = Debug|Any CPU
		{CFBA2CE6-9162-4855-9D98-3002A486BEE2}.Debug|Any CPU.Build.0 = Debug|Any CPU
		{CFBA2CE6-9162-4855-9D98-3002A486BEE2}.Release|Any CPU.ActiveCfg = Release|Any CPU
		{CFBA2CE6-9162-4855-9D98-3002A486BEE2}.Release|Any CPU.Build.0 = Release|Any CPU
		{7DA03088-4034-4C63-93D9-AAB6D957F50E}.Debug|Any CPU.ActiveCfg = Debug|Any CPU
		{7DA03088-4034-4C63-93D9-AAB6D957F50E}.Debug|Any CPU.Build.0 = Debug|Any CPU
		{7DA03088-4034-4C63-93D9-AAB6D957F50E}.Release|Any CPU.ActiveCfg = Release|Any CPU
		{7DA03088-4034-4C63-93D9-AAB6D957F50E}.Release|Any CPU.Build.0 = Release|Any CPU
	EndGlobalSection
EndGlobal
